
Microsoft Visual Studio Solution File, Format Version 12.00
# Visual Studio Version 16
VisualStudioVersion = 16.0.29324.140
MinimumVisualStudioVersion = 10.0.40219.1
Project("{9A19103F-16F7-4668-BE54-9A1E7A4F7556}") = "ThesaurusClient", "ThesaurusClient\ThesaurusClient.csproj", "{66D3B6B6-F024-4E11-BDA7-A100B7FDBB13}"
EndProject
Project("{FAE04EC0-301F-11D3-BF4B-00C04F79EFBC}") = "ThesuarusAPI", "ThesuarusAPI\ThesuarusAPI.csproj", "{7FF89840-E64F-437D-A61A-102F6E992238}"
EndProject
Global
	GlobalSection(SolutionConfigurationPlatforms) = preSolution
		Debug|Any CPU = Debug|Any CPU
		Release|Any CPU = Release|Any CPU
	EndGlobalSection
	GlobalSection(ProjectConfigurationPlatforms) = postSolution
		{66D3B6B6-F024-4E11-BDA7-A100B7FDBB13}.Debug|Any CPU.ActiveCfg = Debug|Any CPU
		{66D3B6B6-F024-4E11-BDA7-A100B7FDBB13}.Debug|Any CPU.Build.0 = Debug|Any CPU
		{66D3B6B6-F024-4E11-BDA7-A100B7FDBB13}.Release|Any CPU.ActiveCfg = Release|Any CPU
		{66D3B6B6-F024-4E11-BDA7-A100B7FDBB13}.Release|Any CPU.Build.0 = Release|Any CPU
		{7FF89840-E64F-437D-A61A-102F6E992238}.Debug|Any CPU.ActiveCfg = Debug|Any CPU
		{7FF89840-E64F-437D-A61A-102F6E992238}.Debug|Any CPU.Build.0 = Debug|Any CPU
		{7FF89840-E64F-437D-A61A-102F6E992238}.Release|Any CPU.ActiveCfg = Release|Any CPU
		{7FF89840-E64F-437D-A61A-102F6E992238}.Release|Any CPU.Build.0 = Release|Any CPU
	EndGlobalSection
	GlobalSection(SolutionProperties) = preSolution
		HideSolutionNode = FALSE
	EndGlobalSection
	GlobalSection(ExtensibilityGlobals) = postSolution
		SolutionGuid = {30D5BA32-FD27-421C-9364-931DEDC090E9}
	EndGlobalSection
EndGlobal
